// !$*UTF8*$!
{
	archiveVersion = 1;
	classes = {
	};
	objectVersion = 50;
	objects = {

/* Begin PBXBuildFile section */
		251CABD0219D01E400E027CE /* Storyboard+Extension.swift in Sources */ = {isa = PBXBuildFile; fileRef = 251CABCF219D01E400E027CE /* Storyboard+Extension.swift */; };
		251CABD2219D04EC00E027CE /* UIViewController+Extension.swift in Sources */ = {isa = PBXBuildFile; fileRef = 251CABD1219D04EC00E027CE /* UIViewController+Extension.swift */; };
		251CABD4219D080A00E027CE /* ImageViewController.swift in Sources */ = {isa = PBXBuildFile; fileRef = 251CABD3219D080A00E027CE /* ImageViewController.swift */; };
		251CABD8219D261000E027CE /* Song.swift in Sources */ = {isa = PBXBuildFile; fileRef = 251CABD7219D261000E027CE /* Song.swift */; };
		251CABDD219D3F1D00E027CE /* DoiThay-HoQuangHieu-4563803.mp3 in Resources */ = {isa = PBXBuildFile; fileRef = 251CABD9219D3F1C00E027CE /* DoiThay-HoQuangHieu-4563803.mp3 */; };
		251CABDE219D3F1D00E027CE /* TimAnhThatLai-HoQuangHieu-5664511.mp3 in Resources */ = {isa = PBXBuildFile; fileRef = 251CABDA219D3F1C00E027CE /* TimAnhThatLai-HoQuangHieu-5664511.mp3 */; };
		251CABDF219D3F1D00E027CE /* TrotYeu-TrungQuanIdol-2967468.mp3 in Resources */ = {isa = PBXBuildFile; fileRef = 251CABDB219D3F1D00E027CE /* TrotYeu-TrungQuanIdol-2967468.mp3 */; };
		251CABE0219D3F1D00E027CE /* ChieuHomAy-JayKii-5076088.mp3 in Resources */ = {isa = PBXBuildFile; fileRef = 251CABDC219D3F1D00E027CE /* ChieuHomAy-JayKii-5076088.mp3 */; };
		251CABE2219D40F100E027CE /* ListSong.swift in Sources */ = {isa = PBXBuildFile; fileRef = 251CABE1219D40F100E027CE /* ListSong.swift */; };
		25253881219C0FEE00F7EA25 /* PageViewController.swift in Sources */ = {isa = PBXBuildFile; fileRef = 25253880219C0FEE00F7EA25 /* PageViewController.swift */; };
		25253883219C161800F7EA25 /* Int+Extension.swift in Sources */ = {isa = PBXBuildFile; fileRef = 25253882219C161800F7EA25 /* Int+Extension.swift */; };
		252F6D08219147FD00BBCA15 /* AppDelegate.swift in Sources */ = {isa = PBXBuildFile; fileRef = 252F6D07219147FD00BBCA15 /* AppDelegate.swift */; };
		252F6D0A219147FD00BBCA15 /* ViewController.swift in Sources */ = {isa = PBXBuildFile; fileRef = 252F6D09219147FD00BBCA15 /* ViewController.swift */; };
		252F6D0D219147FD00BBCA15 /* Main.storyboard in Resources */ = {isa = PBXBuildFile; fileRef = 252F6D0B219147FD00BBCA15 /* Main.storyboard */; };
		252F6D0F219147FF00BBCA15 /* Assets.xcassets in Resources */ = {isa = PBXBuildFile; fileRef = 252F6D0E219147FF00BBCA15 /* Assets.xcassets */; };
		252F6D12219147FF00BBCA15 /* LaunchScreen.storyboard in Resources */ = {isa = PBXBuildFile; fileRef = 252F6D10219147FF00BBCA15 /* LaunchScreen.storyboard */; };
		2535BD63219943E800C0FE01 /* ControlView.swift in Sources */ = {isa = PBXBuildFile; fileRef = 2535BD62219943E800C0FE01 /* ControlView.swift */; };
		2535BD662199494B00C0FE01 /* SongView.xib in Resources */ = {isa = PBXBuildFile; fileRef = 2535BD652199494B00C0FE01 /* SongView.xib */; };
		2535BD682199495B00C0FE01 /* SongView.swift in Sources */ = {isa = PBXBuildFile; fileRef = 2535BD672199495B00C0FE01 /* SongView.swift */; };
		2535BD6C21994BD200C0FE01 /* CustomNavigationBar.xib in Resources */ = {isa = PBXBuildFile; fileRef = 2535BD6B21994BD200C0FE01 /* CustomNavigationBar.xib */; };
		2535BD6E21994BE300C0FE01 /* CustomNavigationBar.swift in Sources */ = {isa = PBXBuildFile; fileRef = 2535BD6D21994BE300C0FE01 /* CustomNavigationBar.swift */; };
		2535BD7021994DF400C0FE01 /* PlayerView.xib in Resources */ = {isa = PBXBuildFile; fileRef = 2535BD6F21994DF400C0FE01 /* PlayerView.xib */; };
		2535BD7221994E0300C0FE01 /* PlayerView.swift in Sources */ = {isa = PBXBuildFile; fileRef = 2535BD7121994E0300C0FE01 /* PlayerView.swift */; };
		2535BD74219951B600C0FE01 /* ArtworkView.xib in Resources */ = {isa = PBXBuildFile; fileRef = 2535BD73219951B600C0FE01 /* ArtworkView.xib */; };
		2535BD76219951D100C0FE01 /* ArtworkView.swift in Sources */ = {isa = PBXBuildFile; fileRef = 2535BD75219951D100C0FE01 /* ArtworkView.swift */; };
		2535BD7B2199820E00C0FE01 /* AudioPlayer.swift in Sources */ = {isa = PBXBuildFile; fileRef = 2535BD7A2199820E00C0FE01 /* AudioPlayer.swift */; };
		2589326D219A79F000C0126F /* UIView+Extension.swift in Sources */ = {isa = PBXBuildFile; fileRef = 2589326C219A79F000C0126F /* UIView+Extension.swift */; };
		2589327F219A8D3800C0126F /* Constants.swift in Sources */ = {isa = PBXBuildFile; fileRef = 2589327E219A8D3800C0126F /* Constants.swift */; };
		25893281219AB93400C0126F /* ViewController+Extension.swift in Sources */ = {isa = PBXBuildFile; fileRef = 25893280219AB93400C0126F /* ViewController+Extension.swift */; };
		25F234F621951D580020DF64 /* Chi-Yeu-Minh-Em-Chau-Khai-Phong.mp3 in Resources */ = {isa = PBXBuildFile; fileRef = 25F234F521951D580020DF64 /* Chi-Yeu-Minh-Em-Chau-Khai-Phong.mp3 */; };
		25F234F821953D750020DF64 /* ControlView.xib in Resources */ = {isa = PBXBuildFile; fileRef = 25F234F721953D750020DF64 /* ControlView.xib */; };
		9126B4EAADBDAE36D399B36C /* libPods-Music.a in Frameworks */ = {isa = PBXBuildFile; fileRef = B6435D83E068ED41A26B64BA /* libPods-Music.a */; };
/* End PBXBuildFile section */

/* Begin PBXFileReference section */
		251CABCF219D01E400E027CE /* Storyboard+Extension.swift */ = {isa = PBXFileReference; lastKnownFileType = sourcecode.swift; path = "Storyboard+Extension.swift"; sourceTree = "<group>"; };
		251CABD1219D04EC00E027CE /* UIViewController+Extension.swift */ = {isa = PBXFileReference; lastKnownFileType = sourcecode.swift; path = "UIViewController+Extension.swift"; sourceTree = "<group>"; };
		251CABD3219D080A00E027CE /* ImageViewController.swift */ = {isa = PBXFileReference; lastKnownFileType = sourcecode.swift; path = ImageViewController.swift; sourceTree = "<group>"; };
		251CABD7219D261000E027CE /* Song.swift */ = {isa = PBXFileReference; lastKnownFileType = sourcecode.swift; path = Song.swift; sourceTree = "<group>"; };
		251CABD9219D3F1C00E027CE /* DoiThay-HoQuangHieu-4563803.mp3 */ = {isa = PBXFileReference; lastKnownFileType = audio.mp3; path = "DoiThay-HoQuangHieu-4563803.mp3"; sourceTree = "<group>"; };
		251CABDA219D3F1C00E027CE /* TimAnhThatLai-HoQuangHieu-5664511.mp3 */ = {isa = PBXFileReference; lastKnownFileType = audio.mp3; path = "TimAnhThatLai-HoQuangHieu-5664511.mp3"; sourceTree = "<group>"; };
		251CABDB219D3F1D00E027CE /* TrotYeu-TrungQuanIdol-2967468.mp3 */ = {isa = PBXFileReference; lastKnownFileType = audio.mp3; path = "TrotYeu-TrungQuanIdol-2967468.mp3"; sourceTree = "<group>"; };
		251CABDC219D3F1D00E027CE /* ChieuHomAy-JayKii-5076088.mp3 */ = {isa = PBXFileReference; lastKnownFileType = audio.mp3; path = "ChieuHomAy-JayKii-5076088.mp3"; sourceTree = "<group>"; };
		251CABE1219D40F100E027CE /* ListSong.swift */ = {isa = PBXFileReference; lastKnownFileType = sourcecode.swift; path = ListSong.swift; sourceTree = "<group>"; };
		25253880219C0FEE00F7EA25 /* PageViewController.swift */ = {isa = PBXFileReference; lastKnownFileType = sourcecode.swift; path = PageViewController.swift; sourceTree = "<group>"; };
		25253882219C161800F7EA25 /* Int+Extension.swift */ = {isa = PBXFileReference; lastKnownFileType = sourcecode.swift; path = "Int+Extension.swift"; sourceTree = "<group>"; };
		252F6D04219147FD00BBCA15 /* Music.app */ = {isa = PBXFileReference; explicitFileType = wrapper.application; includeInIndex = 0; path = Music.app; sourceTree = BUILT_PRODUCTS_DIR; };
		252F6D07219147FD00BBCA15 /* AppDelegate.swift */ = {isa = PBXFileReference; lastKnownFileType = sourcecode.swift; path = AppDelegate.swift; sourceTree = "<group>"; };
		252F6D09219147FD00BBCA15 /* ViewController.swift */ = {isa = PBXFileReference; lastKnownFileType = sourcecode.swift; path = ViewController.swift; sourceTree = "<group>"; };
		252F6D0C219147FD00BBCA15 /* Base */ = {isa = PBXFileReference; lastKnownFileType = file.storyboard; name = Base; path = Base.lproj/Main.storyboard; sourceTree = "<group>"; };
		252F6D0E219147FF00BBCA15 /* Assets.xcassets */ = {isa = PBXFileReference; lastKnownFileType = folder.assetcatalog; path = Assets.xcassets; sourceTree = "<group>"; };
		252F6D11219147FF00BBCA15 /* Base */ = {isa = PBXFileReference; lastKnownFileType = file.storyboard; name = Base; path = Base.lproj/LaunchScreen.storyboard; sourceTree = "<group>"; };
		252F6D13219147FF00BBCA15 /* Info.plist */ = {isa = PBXFileReference; lastKnownFileType = text.plist.xml; path = Info.plist; sourceTree = "<group>"; };
		2535BD62219943E800C0FE01 /* ControlView.swift */ = {isa = PBXFileReference; lastKnownFileType = sourcecode.swift; path = ControlView.swift; sourceTree = "<group>"; };
		2535BD652199494B00C0FE01 /* SongView.xib */ = {isa = PBXFileReference; lastKnownFileType = file.xib; path = SongView.xib; sourceTree = "<group>"; };
		2535BD672199495B00C0FE01 /* SongView.swift */ = {isa = PBXFileReference; lastKnownFileType = sourcecode.swift; path = SongView.swift; sourceTree = "<group>"; };
		2535BD6B21994BD200C0FE01 /* CustomNavigationBar.xib */ = {isa = PBXFileReference; lastKnownFileType = file.xib; path = CustomNavigationBar.xib; sourceTree = "<group>"; };
		2535BD6D21994BE300C0FE01 /* CustomNavigationBar.swift */ = {isa = PBXFileReference; lastKnownFileType = sourcecode.swift; path = CustomNavigationBar.swift; sourceTree = "<group>"; };
		2535BD6F21994DF400C0FE01 /* PlayerView.xib */ = {isa = PBXFileReference; lastKnownFileType = file.xib; path = PlayerView.xib; sourceTree = "<group>"; };
		2535BD7121994E0300C0FE01 /* PlayerView.swift */ = {isa = PBXFileReference; lastKnownFileType = sourcecode.swift; path = PlayerView.swift; sourceTree = "<group>"; };
		2535BD73219951B600C0FE01 /* ArtworkView.xib */ = {isa = PBXFileReference; lastKnownFileType = file.xib; path = ArtworkView.xib; sourceTree = "<group>"; };
		2535BD75219951D100C0FE01 /* ArtworkView.swift */ = {isa = PBXFileReference; lastKnownFileType = sourcecode.swift; path = ArtworkView.swift; sourceTree = "<group>"; };
		2535BD7A2199820E00C0FE01 /* AudioPlayer.swift */ = {isa = PBXFileReference; lastKnownFileType = sourcecode.swift; path = AudioPlayer.swift; sourceTree = "<group>"; };
		2589326C219A79F000C0126F /* UIView+Extension.swift */ = {isa = PBXFileReference; lastKnownFileType = sourcecode.swift; path = "UIView+Extension.swift"; sourceTree = "<group>"; };
		2589327E219A8D3800C0126F /* Constants.swift */ = {isa = PBXFileReference; lastKnownFileType = sourcecode.swift; path = Constants.swift; sourceTree = "<group>"; };
		25893280219AB93400C0126F /* ViewController+Extension.swift */ = {isa = PBXFileReference; lastKnownFileType = sourcecode.swift; path = "ViewController+Extension.swift"; sourceTree = "<group>"; };
		25F234F521951D580020DF64 /* Chi-Yeu-Minh-Em-Chau-Khai-Phong.mp3 */ = {isa = PBXFileReference; lastKnownFileType = audio.mp3; path = "Chi-Yeu-Minh-Em-Chau-Khai-Phong.mp3"; sourceTree = "<group>"; };
		25F234F721953D750020DF64 /* ControlView.xib */ = {isa = PBXFileReference; lastKnownFileType = file.xib; path = ControlView.xib; sourceTree = "<group>"; };
		6B204F8485F85C2B8030CCD8 /* Pods-Music.debug.xcconfig */ = {isa = PBXFileReference; includeInIndex = 1; lastKnownFileType = text.xcconfig; name = "Pods-Music.debug.xcconfig"; path = "Pods/Target Support Files/Pods-Music/Pods-Music.debug.xcconfig"; sourceTree = "<group>"; };
		B6435D83E068ED41A26B64BA /* libPods-Music.a */ = {isa = PBXFileReference; explicitFileType = archive.ar; includeInIndex = 0; path = "libPods-Music.a"; sourceTree = BUILT_PRODUCTS_DIR; };
		FE98AB781DB74E6F40A7EA18 /* Pods-Music.release.xcconfig */ = {isa = PBXFileReference; includeInIndex = 1; lastKnownFileType = text.xcconfig; name = "Pods-Music.release.xcconfig"; path = "Pods/Target Support Files/Pods-Music/Pods-Music.release.xcconfig"; sourceTree = "<group>"; };
/* End PBXFileReference section */

/* Begin PBXFrameworksBuildPhase section */
		252F6D01219147FD00BBCA15 /* Frameworks */ = {
			isa = PBXFrameworksBuildPhase;
			buildActionMask = 2147483647;
			files = (
				9126B4EAADBDAE36D399B36C /* libPods-Music.a in Frameworks */,
			);
			runOnlyForDeploymentPostprocessing = 0;
		};
/* End PBXFrameworksBuildPhase section */

/* Begin PBXGroup section */
		04FAC61B40649AB43F5D332C /* Pods */ = {
			isa = PBXGroup;
			children = (
				6B204F8485F85C2B8030CCD8 /* Pods-Music.debug.xcconfig */,
				FE98AB781DB74E6F40A7EA18 /* Pods-Music.release.xcconfig */,
			);
			name = Pods;
			sourceTree = "<group>";
		};
		251CABE3219D4D6F00E027CE /* List MP3 */ = {
			isa = PBXGroup;
			children = (
				25F234F521951D580020DF64 /* Chi-Yeu-Minh-Em-Chau-Khai-Phong.mp3 */,
				251CABDC219D3F1D00E027CE /* ChieuHomAy-JayKii-5076088.mp3 */,
				251CABD9219D3F1C00E027CE /* DoiThay-HoQuangHieu-4563803.mp3 */,
				251CABDA219D3F1C00E027CE /* TimAnhThatLai-HoQuangHieu-5664511.mp3 */,
				251CABDB219D3F1D00E027CE /* TrotYeu-TrungQuanIdol-2967468.mp3 */,
			);
			path = "List MP3";
			sourceTree = "<group>";
		};
		252F6CFB219147FD00BBCA15 = {
			isa = PBXGroup;
			children = (
				252F6D06219147FD00BBCA15 /* Music */,
				252F6D05219147FD00BBCA15 /* Products */,
				04FAC61B40649AB43F5D332C /* Pods */,
				C83EE5B03602F758E5C13DA9 /* Frameworks */,
			);
			sourceTree = "<group>";
		};
		252F6D05219147FD00BBCA15 /* Products */ = {
			isa = PBXGroup;
			children = (
				252F6D04219147FD00BBCA15 /* Music.app */,
			);
			name = Products;
			sourceTree = "<group>";
		};
		252F6D06219147FD00BBCA15 /* Music */ = {
			isa = PBXGroup;
			children = (
				2589326B219A79CE00C0126F /* Ultilities */,
				2535BD78219981E900C0FE01 /* Controller */,
				2535BD77219981D500C0FE01 /* Model */,
				2535BD64219943EF00C0FE01 /* View */,
				251CABE3219D4D6F00E027CE /* List MP3 */,
				252F6D07219147FD00BBCA15 /* AppDelegate.swift */,
				252F6D0B219147FD00BBCA15 /* Main.storyboard */,
				252F6D0E219147FF00BBCA15 /* Assets.xcassets */,
				252F6D10219147FF00BBCA15 /* LaunchScreen.storyboard */,
				252F6D13219147FF00BBCA15 /* Info.plist */,
			);
			path = Music;
			sourceTree = "<group>";
		};
		2535BD64219943EF00C0FE01 /* View */ = {
			isa = PBXGroup;
			children = (
				2535BD7C2199860000C0FE01 /* ControlView */,
				2535BD7E2199862900C0FE01 /* SongView */,
				2535BD7F2199863D00C0FE01 /* NavigationBar */,
				2535BD802199865200C0FE01 /* PlayerView */,
				2535BD812199866100C0FE01 /* ArtworkView */,
			);
			path = View;
			sourceTree = "<group>";
		};
		2535BD77219981D500C0FE01 /* Model */ = {
			isa = PBXGroup;
			children = (
				251CABE1219D40F100E027CE /* ListSong.swift */,
				251CABD7219D261000E027CE /* Song.swift */,
			);
			path = Model;
			sourceTree = "<group>";
		};
		2535BD78219981E900C0FE01 /* Controller */ = {
			isa = PBXGroup;
			children = (
				252F6D09219147FD00BBCA15 /* ViewController.swift */,
				25253880219C0FEE00F7EA25 /* PageViewController.swift */,
				251CABD3219D080A00E027CE /* ImageViewController.swift */,
			);
			path = Controller;
			sourceTree = "<group>";
		};
		2535BD7C2199860000C0FE01 /* ControlView */ = {
			isa = PBXGroup;
			children = (
				25F234F721953D750020DF64 /* ControlView.xib */,
				2535BD62219943E800C0FE01 /* ControlView.swift */,
			);
			path = ControlView;
			sourceTree = "<group>";
		};
		2535BD7E2199862900C0FE01 /* SongView */ = {
			isa = PBXGroup;
			children = (
				2535BD652199494B00C0FE01 /* SongView.xib */,
				2535BD672199495B00C0FE01 /* SongView.swift */,
			);
			path = SongView;
			sourceTree = "<group>";
		};
		2535BD7F2199863D00C0FE01 /* NavigationBar */ = {
			isa = PBXGroup;
			children = (
				2535BD6B21994BD200C0FE01 /* CustomNavigationBar.xib */,
				2535BD6D21994BE300C0FE01 /* CustomNavigationBar.swift */,
			);
			path = NavigationBar;
			sourceTree = "<group>";
		};
		2535BD802199865200C0FE01 /* PlayerView */ = {
			isa = PBXGroup;
			children = (
				2535BD6F21994DF400C0FE01 /* PlayerView.xib */,
				2535BD7121994E0300C0FE01 /* PlayerView.swift */,
			);
			path = PlayerView;
			sourceTree = "<group>";
		};
		2535BD812199866100C0FE01 /* ArtworkView */ = {
			isa = PBXGroup;
			children = (
				2535BD73219951B600C0FE01 /* ArtworkView.xib */,
				2535BD75219951D100C0FE01 /* ArtworkView.swift */,
			);
			path = ArtworkView;
			sourceTree = "<group>";
		};
		2589326A219A711100C0126F /* Extensions */ = {
			isa = PBXGroup;
			children = (
				2589326C219A79F000C0126F /* UIView+Extension.swift */,
				25893280219AB93400C0126F /* ViewController+Extension.swift */,
				25253882219C161800F7EA25 /* Int+Extension.swift */,
				251CABCF219D01E400E027CE /* Storyboard+Extension.swift */,
				251CABD1219D04EC00E027CE /* UIViewController+Extension.swift */,
			);
			path = Extensions;
			sourceTree = "<group>";
		};
		2589326B219A79CE00C0126F /* Ultilities */ = {
			isa = PBXGroup;
			children = (
				25893286219AC44100C0126F /* Helper */,
				2589327D219A8D2400C0126F /* Constant */,
				2589326A219A711100C0126F /* Extensions */,
			);
			path = Ultilities;
			sourceTree = "<group>";
		};
		2589327D219A8D2400C0126F /* Constant */ = {
			isa = PBXGroup;
			children = (
				2589327E219A8D3800C0126F /* Constants.swift */,
			);
			path = Constant;
			sourceTree = "<group>";
		};
		25893286219AC44100C0126F /* Helper */ = {
			isa = PBXGroup;
			children = (
				2535BD7A2199820E00C0FE01 /* AudioPlayer.swift */,
			);
			path = Helper;
			sourceTree = "<group>";
		};
		C83EE5B03602F758E5C13DA9 /* Frameworks */ = {
			isa = PBXGroup;
			children = (
				B6435D83E068ED41A26B64BA /* libPods-Music.a */,
			);
			name = Frameworks;
			sourceTree = "<group>";
		};
/* End PBXGroup section */

/* Begin PBXNativeTarget section */
		252F6D03219147FD00BBCA15 /* Music */ = {
			isa = PBXNativeTarget;
			buildConfigurationList = 252F6D16219147FF00BBCA15 /* Build configuration list for PBXNativeTarget "Music" */;
			buildPhases = (
				FBBD2AF5FF3186537412B367 /* [CP] Check Pods Manifest.lock */,
				252F6D00219147FD00BBCA15 /* Sources */,
				252F6D01219147FD00BBCA15 /* Frameworks */,
				252F6D02219147FD00BBCA15 /* Resources */,
			);
			buildRules = (
			);
			dependencies = (
			);
			name = Music;
			productName = Music;
			productReference = 252F6D04219147FD00BBCA15 /* Music.app */;
			productType = "com.apple.product-type.application";
		};
/* End PBXNativeTarget section */

/* Begin PBXProject section */
		252F6CFC219147FD00BBCA15 /* Project object */ = {
			isa = PBXProject;
			attributes = {
				LastSwiftUpdateCheck = 0940;
				LastUpgradeCheck = 0940;
				ORGANIZATIONNAME = LTT;
				TargetAttributes = {
					252F6D03219147FD00BBCA15 = {
						CreatedOnToolsVersion = 9.4.1;
					};
				};
			};
			buildConfigurationList = 252F6CFF219147FD00BBCA15 /* Build configuration list for PBXProject "Music" */;
			compatibilityVersion = "Xcode 9.3";
			developmentRegion = en;
			hasScannedForEncodings = 0;
			knownRegions = (
				en,
				Base,
			);
			mainGroup = 252F6CFB219147FD00BBCA15;
			productRefGroup = 252F6D05219147FD00BBCA15 /* Products */;
			projectDirPath = "";
			projectRoot = "";
			targets = (
				252F6D03219147FD00BBCA15 /* Music */,
			);
		};
/* End PBXProject section */

/* Begin PBXResourcesBuildPhase section */
		252F6D02219147FD00BBCA15 /* Resources */ = {
			isa = PBXResourcesBuildPhase;
			buildActionMask = 2147483647;
			files = (
				251CABDF219D3F1D00E027CE /* TrotYeu-TrungQuanIdol-2967468.mp3 in Resources */,
				251CABE0219D3F1D00E027CE /* ChieuHomAy-JayKii-5076088.mp3 in Resources */,
				252F6D12219147FF00BBCA15 /* LaunchScreen.storyboard in Resources */,
				2535BD662199494B00C0FE01 /* SongView.xib in Resources */,
				25F234F821953D750020DF64 /* ControlView.xib in Resources */,
				251CABDE219D3F1D00E027CE /* TimAnhThatLai-HoQuangHieu-5664511.mp3 in Resources */,
				2535BD74219951B600C0FE01 /* ArtworkView.xib in Resources */,
				251CABDD219D3F1D00E027CE /* DoiThay-HoQuangHieu-4563803.mp3 in Resources */,
				252F6D0F219147FF00BBCA15 /* Assets.xcassets in Resources */,
				25F234F621951D580020DF64 /* Chi-Yeu-Minh-Em-Chau-Khai-Phong.mp3 in Resources */,
				2535BD6C21994BD200C0FE01 /* CustomNavigationBar.xib in Resources */,
				252F6D0D219147FD00BBCA15 /* Main.storyboard in Resources */,
				2535BD7021994DF400C0FE01 /* PlayerView.xib in Resources */,
			);
			runOnlyForDeploymentPostprocessing = 0;
		};
/* End PBXResourcesBuildPhase section */

/* Begin PBXShellScriptBuildPhase section */
		FBBD2AF5FF3186537412B367 /* [CP] Check Pods Manifest.lock */ = {
			isa = PBXShellScriptBuildPhase;
			buildActionMask = 2147483647;
			files = (
			);
			inputPaths = (
				"${PODS_PODFILE_DIR_PATH}/Podfile.lock",
				"${PODS_ROOT}/Manifest.lock",
			);
			name = "[CP] Check Pods Manifest.lock";
			outputPaths = (
				"$(DERIVED_FILE_DIR)/Pods-Music-checkManifestLockResult.txt",
			);
			runOnlyForDeploymentPostprocessing = 0;
			shellPath = /bin/sh;
			shellScript = "diff \"${PODS_PODFILE_DIR_PATH}/Podfile.lock\" \"${PODS_ROOT}/Manifest.lock\" > /dev/null\nif [ $? != 0 ] ; then\n    # print error to STDERR\n    echo \"error: The sandbox is not in sync with the Podfile.lock. Run 'pod install' or update your CocoaPods installation.\" >&2\n    exit 1\nfi\n# This output is used by Xcode 'outputs' to avoid re-running this script phase.\necho \"SUCCESS\" > \"${SCRIPT_OUTPUT_FILE_0}\"\n";
			showEnvVarsInLog = 0;
		};
/* End PBXShellScriptBuildPhase section */

/* Begin PBXSourcesBuildPhase section */
		252F6D00219147FD00BBCA15 /* Sources */ = {
			isa = PBXSourcesBuildPhase;
			buildActionMask = 2147483647;
			files = (
				251CABE2219D40F100E027CE /* ListSong.swift in Sources */,
				251CABD8219D261000E027CE /* Song.swift in Sources */,
				251CABD2219D04EC00E027CE /* UIViewController+Extension.swift in Sources */,
				25893281219AB93400C0126F /* ViewController+Extension.swift in Sources */,
				25253883219C161800F7EA25 /* Int+Extension.swift in Sources */,
				251CABD0219D01E400E027CE /* Storyboard+Extension.swift in Sources */,
				2535BD6E21994BE300C0FE01 /* CustomNavigationBar.swift in Sources */,
				2535BD76219951D100C0FE01 /* ArtworkView.swift in Sources */,
				2589327F219A8D3800C0126F /* Constants.swift in Sources */,
				25253881219C0FEE00F7EA25 /* PageViewController.swift in Sources */,
				2535BD7B2199820E00C0FE01 /* AudioPlayer.swift in Sources */,
				2535BD63219943E800C0FE01 /* ControlView.swift in Sources */,
				2535BD7221994E0300C0FE01 /* PlayerView.swift in Sources */,
				252F6D0A219147FD00BBCA15 /* ViewController.swift in Sources */,
				2535BD682199495B00C0FE01 /* SongView.swift in Sources */,
				251CABD4219D080A00E027CE /* ImageViewController.swift in Sources */,
				2589326D219A79F000C0126F /* UIView+Extension.swift in Sources */,
				252F6D08219147FD00BBCA15 /* AppDelegate.swift in Sources */,
			);
			runOnlyForDeploymentPostprocessing = 0;
		};
/* End PBXSourcesBuildPhase section */

/* Begin PBXVariantGroup section */
		252F6D0B219147FD00BBCA15 /* Main.storyboard */ = {
			isa = PBXVariantGroup;
			children = (
				252F6D0C219147FD00BBCA15 /* Base */,
			);
			name = Main.storyboard;
			sourceTree = "<group>";
		};
		252F6D10219147FF00BBCA15 /* LaunchScreen.storyboard */ = {
			isa = PBXVariantGroup;
			children = (
				252F6D11219147FF00BBCA15 /* Base */,
			);
			name = LaunchScreen.storyboard;
			sourceTree = "<group>";
		};
/* End PBXVariantGroup section */

/* Begin XCBuildConfiguration section */
		252F6D14219147FF00BBCA15 /* Debug */ = {
			isa = XCBuildConfiguration;
			buildSettings = {
				ALWAYS_SEARCH_USER_PATHS = NO;
				CLANG_ANALYZER_NONNULL = YES;
				CLANG_ANALYZER_NUMBER_OBJECT_CONVERSION = YES_AGGRESSIVE;
				CLANG_CXX_LANGUAGE_STANDARD = "gnu++14";
				CLANG_CXX_LIBRARY = "libc++";
				CLANG_ENABLE_MODULES = YES;
				CLANG_ENABLE_OBJC_ARC = YES;
				CLANG_ENABLE_OBJC_WEAK = YES;
				CLANG_WARN_BLOCK_CAPTURE_AUTORELEASING = YES;
				CLANG_WARN_BOOL_CONVERSION = YES;
				CLANG_WARN_COMMA = YES;
				CLANG_WARN_CONSTANT_CONVERSION = YES;
				CLANG_WARN_DEPRECATED_OBJC_IMPLEMENTATIONS = YES;
				CLANG_WARN_DIRECT_OBJC_ISA_USAGE = YES_ERROR;
				CLANG_WARN_DOCUMENTATION_COMMENTS = YES;
				CLANG_WARN_EMPTY_BODY = YES;
				CLANG_WARN_ENUM_CONVERSION = YES;
				CLANG_WARN_INFINITE_RECURSION = YES;
				CLANG_WARN_INT_CONVERSION = YES;
				CLANG_WARN_NON_LITERAL_NULL_CONVERSION = YES;
				CLANG_WARN_OBJC_IMPLICIT_RETAIN_SELF = YES;
				CLANG_WARN_OBJC_LITERAL_CONVERSION = YES;
				CLANG_WARN_OBJC_ROOT_CLASS = YES_ERROR;
				CLANG_WARN_RANGE_LOOP_ANALYSIS = YES;
				CLANG_WARN_STRICT_PROTOTYPES = YES;
				CLANG_WARN_SUSPICIOUS_MOVE = YES;
				CLANG_WARN_UNGUARDED_AVAILABILITY = YES_AGGRESSIVE;
				CLANG_WARN_UNREACHABLE_CODE = YES;
				CLANG_WARN__DUPLICATE_METHOD_MATCH = YES;
				CODE_SIGN_IDENTITY = "iPhone Developer";
				COPY_PHASE_STRIP = NO;
				DEBUG_INFORMATION_FORMAT = dwarf;
				ENABLE_STRICT_OBJC_MSGSEND = YES;
				ENABLE_TESTABILITY = YES;
				GCC_C_LANGUAGE_STANDARD = gnu11;
				GCC_DYNAMIC_NO_PIC = NO;
				GCC_NO_COMMON_BLOCKS = YES;
				GCC_OPTIMIZATION_LEVEL = 0;
				GCC_PREPROCESSOR_DEFINITIONS = (
					"DEBUG=1",
					"$(inherited)",
				);
				GCC_WARN_64_TO_32_BIT_CONVERSION = YES;
				GCC_WARN_ABOUT_RETURN_TYPE = YES_ERROR;
				GCC_WARN_UNDECLARED_SELECTOR = YES;
				GCC_WARN_UNINITIALIZED_AUTOS = YES_AGGRESSIVE;
				GCC_WARN_UNUSED_FUNCTION = YES;
				GCC_WARN_UNUSED_VARIABLE = YES;
				IPHONEOS_DEPLOYMENT_TARGET = 11.4;
				MTL_ENABLE_DEBUG_INFO = YES;
				ONLY_ACTIVE_ARCH = YES;
				SDKROOT = iphoneos;
				SWIFT_ACTIVE_COMPILATION_CONDITIONS = DEBUG;
				SWIFT_OPTIMIZATION_LEVEL = "-Onone";
			};
			name = Debug;
		};
		252F6D15219147FF00BBCA15 /* Release */ = {
			isa = XCBuildConfiguration;
			buildSettings = {
				ALWAYS_SEARCH_USER_PATHS = NO;
				CLANG_ANALYZER_NONNULL = YES;
				CLANG_ANALYZER_NUMBER_OBJECT_CONVERSION = YES_AGGRESSIVE;
				CLANG_CXX_LANGUAGE_STANDARD = "gnu++14";
				CLANG_CXX_LIBRARY = "libc++";
				CLANG_ENABLE_MODULES = YES;
				CLANG_ENABLE_OBJC_ARC = YES;
				CLANG_ENABLE_OBJC_WEAK = YES;
				CLANG_WARN_BLOCK_CAPTURE_AUTORELEASING = YES;
				CLANG_WARN_BOOL_CONVERSION = YES;
				CLANG_WARN_COMMA = YES;
				CLANG_WARN_CONSTANT_CONVERSION = YES;
				CLANG_WARN_DEPRECATED_OBJC_IMPLEMENTATIONS = YES;
				CLANG_WARN_DIRECT_OBJC_ISA_USAGE = YES_ERROR;
				CLANG_WARN_DOCUMENTATION_COMMENTS = YES;
				CLANG_WARN_EMPTY_BODY = YES;
				CLANG_WARN_ENUM_CONVERSION = YES;
				CLANG_WARN_INFINITE_RECURSION = YES;
				CLANG_WARN_INT_CONVERSION = YES;
				CLANG_WARN_NON_LITERAL_NULL_CONVERSION = YES;
				CLANG_WARN_OBJC_IMPLICIT_RETAIN_SELF = YES;
				CLANG_WARN_OBJC_LITERAL_CONVERSION = YES;
				CLANG_WARN_OBJC_ROOT_CLASS = YES_ERROR;
				CLANG_WARN_RANGE_LOOP_ANALYSIS = YES;
				CLANG_WARN_STRICT_PROTOTYPES = YES;
				CLANG_WARN_SUSPICIOUS_MOVE = YES;
				CLANG_WARN_UNGUARDED_AVAILABILITY = YES_AGGRESSIVE;
				CLANG_WARN_UNREACHABLE_CODE = YES;
				CLANG_WARN__DUPLICATE_METHOD_MATCH = YES;
				CODE_SIGN_IDENTITY = "iPhone Developer";
				COPY_PHASE_STRIP = NO;
				DEBUG_INFORMATION_FORMAT = "dwarf-with-dsym";
				ENABLE_NS_ASSERTIONS = NO;
				ENABLE_STRICT_OBJC_MSGSEND = YES;
				GCC_C_LANGUAGE_STANDARD = gnu11;
				GCC_NO_COMMON_BLOCKS = YES;
				GCC_WARN_64_TO_32_BIT_CONVERSION = YES;
				GCC_WARN_ABOUT_RETURN_TYPE = YES_ERROR;
				GCC_WARN_UNDECLARED_SELECTOR = YES;
				GCC_WARN_UNINITIALIZED_AUTOS = YES_AGGRESSIVE;
				GCC_WARN_UNUSED_FUNCTION = YES;
				GCC_WARN_UNUSED_VARIABLE = YES;
				IPHONEOS_DEPLOYMENT_TARGET = 11.4;
				MTL_ENABLE_DEBUG_INFO = NO;
				SDKROOT = iphoneos;
				SWIFT_COMPILATION_MODE = wholemodule;
				SWIFT_OPTIMIZATION_LEVEL = "-O";
				VALIDATE_PRODUCT = YES;
			};
			name = Release;
		};
		252F6D17219147FF00BBCA15 /* Debug */ = {
			isa = XCBuildConfiguration;
			baseConfigurationReference = 6B204F8485F85C2B8030CCD8 /* Pods-Music.debug.xcconfig */;
			buildSettings = {
				ASSETCATALOG_COMPILER_APPICON_NAME = AppIcon;
				CODE_SIGN_STYLE = Automatic;
				INFOPLIST_FILE = Music/Info.plist;
				LD_RUNPATH_SEARCH_PATHS = (
					"$(inherited)",
					"@executable_path/Frameworks",
				);
				PRODUCT_BUNDLE_IDENTIFIER = com.LTT.Music;
				PRODUCT_NAME = "$(TARGET_NAME)";
				SWIFT_VERSION = 4.0;
				TARGETED_DEVICE_FAMILY = "1,2";
			};
			name = Debug;
		};
		252F6D18219147FF00BBCA15 /* Release */ = {
			isa = XCBuildConfiguration;
			baseConfigurationReference = FE98AB781DB74E6F40A7EA18 /* Pods-Music.release.xcconfig */;
			buildSettings = {
				ASSETCATALOG_COMPILER_APPICON_NAME = AppIcon;
				CODE_SIGN_STYLE = Automatic;
				INFOPLIST_FILE = Music/Info.plist;
				LD_RUNPATH_SEARCH_PATHS = (
					"$(inherited)",
					"@executable_path/Frameworks",
				);
				PRODUCT_BUNDLE_IDENTIFIER = com.LTT.Music;
				PRODUCT_NAME = "$(TARGET_NAME)";
				SWIFT_VERSION = 4.0;
				TARGETED_DEVICE_FAMILY = "1,2";
			};
			name = Release;
		};
/* End XCBuildConfiguration section */

/* Begin XCConfigurationList section */
		252F6CFF219147FD00BBCA15 /* Build configuration list for PBXProject "Music" */ = {
			isa = XCConfigurationList;
			buildConfigurations = (
				252F6D14219147FF00BBCA15 /* Debug */,
				252F6D15219147FF00BBCA15 /* Release */,
			);
			defaultConfigurationIsVisible = 0;
			defaultConfigurationName = Release;
		};
		252F6D16219147FF00BBCA15 /* Build configuration list for PBXNativeTarget "Music" */ = {
			isa = XCConfigurationList;
			buildConfigurations = (
				252F6D17219147FF00BBCA15 /* Debug */,
				252F6D18219147FF00BBCA15 /* Release */,
			);
			defaultConfigurationIsVisible = 0;
			defaultConfigurationName = Release;
		};
/* End XCConfigurationList section */
	};
	rootObject = 252F6CFC219147FD00BBCA15 /* Project object */;
}
